{
    "name": "sample",
    "lockfileVersion": 3,
    "requires": true,
    "packages": {
        "": {
            "name": "sample",
            "dependencies": {
                "@minecraft/server": "^1.14.0-beta.1.21.21-stable",
                "@minecraft/server-ui": "^1.2.0"
            }
        },
        "node_modules/@minecraft/common": {
            "version": "1.2.0",
            "resolved": "https://registry.npmjs.org/@minecraft/common/-/common-1.2.0.tgz",
            "integrity": "sha512-JdmEq4P3Z/FtoBzhLijFgMSVFnFRrUoLwY8DHHrgtFo0mfLTOLTB1RErYjLMsA6b7BGVNxkX/pfFRiH7QZ0XwQ=="
        },
        "node_modules/@minecraft/server": {
            "version": "1.14.0-beta.1.21.21-stable",
            "resolved": "https://registry.npmjs.org/@minecraft/server/-/server-1.14.0-beta.1.21.21-stable.tgz",
            "integrity": "sha512-CUEUQ+GKwTc3CWwbjhYr29kfE+cgqb3RxbF+mSA0UyatK9zftPNE2ew+gdVvr+CtMBfhsxxviJKmLTOVy1AiSA==",
            "dependencies": {
                "@minecraft/common": "^1.1.0"
            }
        },
        "node_modules/@minecraft/server-ui": {
            "version": "1.2.0",
            "resolved": "https://registry.npmjs.org/@minecraft/server-ui/-/server-ui-1.2.0.tgz",
            "integrity": "sha512-5TNs9mp7jW1nbcybobL0Kmnc4ioOuadp9ys7hHna1lS0rYT0ssC7Ba6bZc+xb7QhIaVsxtt8ChZwOP+paT44ww==",
            "dependencies": {
                "@minecraft/common": "^1.0.0",
                "@minecraft/server": "^1.2.0"
            }
        },
        "node_modules/@minecraft/server-ui/node_modules/@minecraft/server": {
            "version": "1.13.0",
            "resolved": "https://registry.npmjs.org/@minecraft/server/-/server-1.13.0.tgz",
            "integrity": "sha512-LYmYRLjZZ5b+AO2GArQorBBo6Ad18ZmdoK2jx7mmo7Jo/gFXLiSq2xEJuLb5WBXTaBg4rBiersQiAbTj3QjNHQ==",
            "dependencies": {
                "@minecraft/common": "^1.1.0"
            }
        }
    }
}
